
Microsoft Visual Studio Solution File, Format Version 12.00
Project("{FAE04EC0-301F-11D3-BF4B-00C04F79EFBC}") = "HelloCommander.Core", "HelloCommander.Core\HelloCommander.Core.csproj", "{BF190478-E4E7-42C4-9015-E7FCF1ED9076}"
EndProject
Project("{FAE04EC0-301F-11D3-BF4B-00C04F79EFBC}") = "HelloCommander.Themes.Default", "HelloCommander.Themes.Default\HelloCommander.Themes.Default.csproj", "{AF95C699-52FF-4BB0-B0D2-584ACF50EDA7}"
EndProject
Project("{FAE04EC0-301F-11D3-BF4B-00C04F79EFBC}") = "HelloCommander.HcApp", "HelloCommander.HcApp\HelloCommander.HcApp.csproj", "{3E29B59F-D04B-49CF-B55F-539ED6ED1907}"
EndProject
Project("{FAE04EC0-301F-11D3-BF4B-00C04F79EFBC}") = "HelloCommander.BL", "HelloCommander.BL\HelloCommander.BL.csproj", "{1B045EA0-6D0E-469C-966C-DEA53EB149C2}"
EndProject
Global
	GlobalSection(SolutionConfigurationPlatforms) = preSolution
		Debug|Any CPU = Debug|Any CPU
		Release|Any CPU = Release|Any CPU
	EndGlobalSection
	GlobalSection(ProjectConfigurationPlatforms) = postSolution
		{BF190478-E4E7-42C4-9015-E7FCF1ED9076}.Debug|Any CPU.ActiveCfg = Debug|Any CPU
		{BF190478-E4E7-42C4-9015-E7FCF1ED9076}.Debug|Any CPU.Build.0 = Debug|Any CPU
		{BF190478-E4E7-42C4-9015-E7FCF1ED9076}.Release|Any CPU.ActiveCfg = Release|Any CPU
		{BF190478-E4E7-42C4-9015-E7FCF1ED9076}.Release|Any CPU.Build.0 = Release|Any CPU
		{AF95C699-52FF-4BB0-B0D2-584ACF50EDA7}.Debug|Any CPU.ActiveCfg = Debug|Any CPU
		{AF95C699-52FF-4BB0-B0D2-584ACF50EDA7}.Debug|Any CPU.Build.0 = Debug|Any CPU
		{AF95C699-52FF-4BB0-B0D2-584ACF50EDA7}.Release|Any CPU.ActiveCfg = Release|Any CPU
		{AF95C699-52FF-4BB0-B0D2-584ACF50EDA7}.Release|Any CPU.Build.0 = Release|Any CPU
		{3E29B59F-D04B-49CF-B55F-539ED6ED1907}.Debug|Any CPU.ActiveCfg = Debug|Any CPU
		{3E29B59F-D04B-49CF-B55F-539ED6ED1907}.Debug|Any CPU.Build.0 = Debug|Any CPU
		{3E29B59F-D04B-49CF-B55F-539ED6ED1907}.Release|Any CPU.ActiveCfg = Release|Any CPU
		{3E29B59F-D04B-49CF-B55F-539ED6ED1907}.Release|Any CPU.Build.0 = Release|Any CPU
		{1B045EA0-6D0E-469C-966C-DEA53EB149C2}.Debug|Any CPU.ActiveCfg = Debug|Any CPU
		{1B045EA0-6D0E-469C-966C-DEA53EB149C2}.Debug|Any CPU.Build.0 = Debug|Any CPU
		{1B045EA0-6D0E-469C-966C-DEA53EB149C2}.Release|Any CPU.ActiveCfg = Release|Any CPU
		{1B045EA0-6D0E-469C-966C-DEA53EB149C2}.Release|Any CPU.Build.0 = Release|Any CPU
	EndGlobalSection
EndGlobal
